version = 1
revision = 1
requires-python = ">=3.10"

[package]
name = "earthwise-fcr-advisor"
version = "1.0.0"
source = { virtual = "." }
dependencies = [
    { name = "fastapi" },
    { name = "ipykernel" },
    { name = "joblib" },
    { name = "jupyter" },
    { name = "matplotlib" },
    { name = "numpy" },
    { name = "pandas" },
    { name = "pydantic" },
    { name = "python-multipart" },
    { name = "scikit-learn" },
    { name = "seaborn" },
    { name = "uvicorn" },
]
